
Microsoft Visual Studio Solution File, Format Version 12.00
# Visual Studio Version 16
VisualStudioVersion = 16.0.32602.291
MinimumVisualStudioVersion = 10.0.40219.1
Project("{FAE04EC0-301F-11D3-BF4B-00C04F79EFBC}") = "APIWeb", "APIWeb\APIWeb.csproj", "{B66741E5-C90C-4E1E-87BA-060899A428BE}"
EndProject
Global
	GlobalSection(SolutionConfigurationPlatforms) = preSolution
		Debug|Any CPU = Debug|Any CPU
		Release|Any CPU = Release|Any CPU
	EndGlobalSection
	GlobalSection(ProjectConfigurationPlatforms) = postSolution
		{B66741E5-C90C-4E1E-87BA-060899A428BE}.Debug|Any CPU.ActiveCfg = Debug|Any CPU
		{B66741E5-C90C-4E1E-87BA-060899A428BE}.Debug|Any CPU.Build.0 = Debug|Any CPU
		{B66741E5-C90C-4E1E-87BA-060899A428BE}.Release|Any CPU.ActiveCfg = Release|Any CPU
		{B66741E5-C90C-4E1E-87BA-060899A428BE}.Release|Any CPU.Build.0 = Release|Any CPU
	EndGlobalSection
	GlobalSection(SolutionProperties) = preSolution
		HideSolutionNode = FALSE
	EndGlobalSection
	GlobalSection(ExtensibilityGlobals) = postSolution
		SolutionGuid = {149AF854-1A29-413C-8FED-2F0FC4A94565}
	EndGlobalSection
EndGlobal
